
Microsoft Visual Studio Solution File, Format Version 12.00
# Visual Studio Version 16
VisualStudioVersion = 16.0.30717.126
MinimumVisualStudioVersion = 10.0.40219.1
Project("{8BC9CEB8-8B4A-11D0-8D11-00A0C91BC942}") = "clusterfq", "clusterfq\clusterfq.vcxproj", "{F94D3A43-922D-460A-A51C-CF9033773D49}"
EndProject
Project("{8BC9CEB8-8B4A-11D0-8D11-00A0C91BC942}") = "clusterfq_cl", "clusterfq_cl\clusterfq_cl.vcxproj", "{91DE0537-0DDD-448B-8D1B-1B338E1C2EBE}"
EndProject
Project("{8BC9CEB8-8B4A-11D0-8D11-00A0C91BC942}") = "clusterfq_shell", "clusterfq_shell\clusterfq_shell.vcxproj", "{2653F434-EFC1-4BFE-A544-8160308868EA}"
EndProject
Project("{8BC9CEB8-8B4A-11D0-8D11-00A0C91BC942}") = "clusterfq_elevated", "clusterfq_elevated\clusterfq_elevated.vcxproj", "{F0020891-CCF2-4D5A-BE8D-AC146662D5EF}"
EndProject
Global
	GlobalSection(SolutionConfigurationPlatforms) = preSolution
		Debug|x64 = Debug|x64
		Debug|x86 = Debug|x86
		Release|x64 = Release|x64
		Release|x86 = Release|x86
	EndGlobalSection
	GlobalSection(ProjectConfigurationPlatforms) = postSolution
		{F94D3A43-922D-460A-A51C-CF9033773D49}.Debug|x64.ActiveCfg = Debug|x64
		{F94D3A43-922D-460A-A51C-CF9033773D49}.Debug|x64.Build.0 = Debug|x64
		{F94D3A43-922D-460A-A51C-CF9033773D49}.Debug|x86.ActiveCfg = Debug|Win32
		{F94D3A43-922D-460A-A51C-CF9033773D49}.Debug|x86.Build.0 = Debug|Win32
		{F94D3A43-922D-460A-A51C-CF9033773D49}.Release|x64.ActiveCfg = Release|x64
		{F94D3A43-922D-460A-A51C-CF9033773D49}.Release|x64.Build.0 = Release|x64
		{F94D3A43-922D-460A-A51C-CF9033773D49}.Release|x86.ActiveCfg = Release|Win32
		{F94D3A43-922D-460A-A51C-CF9033773D49}.Release|x86.Build.0 = Release|Win32
		{91DE0537-0DDD-448B-8D1B-1B338E1C2EBE}.Debug|x64.ActiveCfg = Debug|x64
		{91DE0537-0DDD-448B-8D1B-1B338E1C2EBE}.Debug|x64.Build.0 = Debug|x64
		{91DE0537-0DDD-448B-8D1B-1B338E1C2EBE}.Debug|x86.ActiveCfg = Debug|Win32
		{91DE0537-0DDD-448B-8D1B-1B338E1C2EBE}.Debug|x86.Build.0 = Debug|Win32
		{91DE0537-0DDD-448B-8D1B-1B338E1C2EBE}.Release|x64.ActiveCfg = Release|x64
		{91DE0537-0DDD-448B-8D1B-1B338E1C2EBE}.Release|x64.Build.0 = Release|x64
		{91DE0537-0DDD-448B-8D1B-1B338E1C2EBE}.Release|x86.ActiveCfg = Release|Win32
		{91DE0537-0DDD-448B-8D1B-1B338E1C2EBE}.Release|x86.Build.0 = Release|Win32
		{2653F434-EFC1-4BFE-A544-8160308868EA}.Debug|x64.ActiveCfg = Debug|x64
		{2653F434-EFC1-4BFE-A544-8160308868EA}.Debug|x64.Build.0 = Debug|x64
		{2653F434-EFC1-4BFE-A544-8160308868EA}.Debug|x86.ActiveCfg = Debug|Win32
		{2653F434-EFC1-4BFE-A544-8160308868EA}.Debug|x86.Build.0 = Debug|Win32
		{2653F434-EFC1-4BFE-A544-8160308868EA}.Release|x64.ActiveCfg = Release|x64
		{2653F434-EFC1-4BFE-A544-8160308868EA}.Release|x64.Build.0 = Release|x64
		{2653F434-EFC1-4BFE-A544-8160308868EA}.Release|x86.ActiveCfg = Release|Win32
		{2653F434-EFC1-4BFE-A544-8160308868EA}.Release|x86.Build.0 = Release|Win32
		{F0020891-CCF2-4D5A-BE8D-AC146662D5EF}.Debug|x64.ActiveCfg = Debug|x64
		{F0020891-CCF2-4D5A-BE8D-AC146662D5EF}.Debug|x64.Build.0 = Debug|x64
		{F0020891-CCF2-4D5A-BE8D-AC146662D5EF}.Debug|x86.ActiveCfg = Debug|Win32
		{F0020891-CCF2-4D5A-BE8D-AC146662D5EF}.Debug|x86.Build.0 = Debug|Win32
		{F0020891-CCF2-4D5A-BE8D-AC146662D5EF}.Release|x64.ActiveCfg = Release|x64
		{F0020891-CCF2-4D5A-BE8D-AC146662D5EF}.Release|x64.Build.0 = Release|x64
		{F0020891-CCF2-4D5A-BE8D-AC146662D5EF}.Release|x86.ActiveCfg = Release|Win32
		{F0020891-CCF2-4D5A-BE8D-AC146662D5EF}.Release|x86.Build.0 = Release|Win32
	EndGlobalSection
	GlobalSection(SolutionProperties) = preSolution
		HideSolutionNode = FALSE
	EndGlobalSection
	GlobalSection(ExtensibilityGlobals) = postSolution
		SolutionGuid = {84AC8428-DE54-43C6-B706-2DF3A2C9C024}
	EndGlobalSection
EndGlobal
