<?xml version="1.0" encoding="utf-8"?>
<Project ToolsVersion="4.0" xmlns="http://schemas.microsoft.com/developer/msbuild/2003">
  <ItemGroup>
    <Filter Include="Quelldateien">
      <UniqueIdentifier>{4FC737F1-C7A5-4376-A066-2A32D752A2FF}</UniqueIdentifier>
      <Extensions>cpp;c;cc;cxx;c++;cppm;ixx;def;odl;idl;hpj;bat;asm;asmx</Extensions>
    </Filter>
    <Filter Include="Headerdateien">
      <UniqueIdentifier>{93995380-89BD-4b04-88EB-625FBE52EBFB}</UniqueIdentifier>
      <Extensions>h;hh;hpp;hxx;h++;hm;inl;inc;ipp;xsd</Extensions>
    </Filter>
    <Filter Include="Ressourcendateien">
      <UniqueIdentifier>{67DA6AB6-F800-4c08-8B7A-83BB121AAD01}</UniqueIdentifier>
      <Extensions>rc;ico;cur;bmp;dlg;rc2;rct;bin;rgs;gif;jpg;jpeg;jpe;resx;tiff;tif;png;wav;mfcribbon-ms</Extensions>
    </Filter>
  </ItemGroup>
  <ItemGroup>
    <ClCompile Include="clusterfq.cpp">
      <Filter>Quelldateien</Filter>
    </ClCompile>
    <ClCompile Include="crypto.cpp">
      <Filter>Quelldateien</Filter>
    </ClCompile>
    <ClCompile Include="ecdh.cpp">
      <Filter>Quelldateien</Filter>
    </ClCompile>
    <ClCompile Include="network.cpp">
      <Filter>Quelldateien</Filter>
    </ClCompile>
    <ClCompile Include="identity.cpp">
      <Filter>Quelldateien</Filter>
    </ClCompile>
    <ClCompile Include="group.cpp">
      <Filter>Quelldateien</Filter>
    </ClCompile>
    <ClCompile Include="util.cpp">
      <Filter>Quelldateien</Filter>
    </ClCompile>
    <ClCompile Include="contact.cpp">
      <Filter>Quelldateien</Filter>
    </ClCompile>
    <ClCompile Include="address_factory.cpp">
      <Filter>Quelldateien</Filter>
    </ClCompile>
    <ClCompile Include="mutex.cpp">
      <Filter>Quelldateien</Filter>
    </ClCompile>
    <ClCompile Include="thread.cpp">
      <Filter>Quelldateien</Filter>
    </ClCompile>
    <ClCompile Include="server.cpp">
      <Filter>Quelldateien</Filter>
    </ClCompile>
    <ClCompile Include="client.cpp">
      <Filter>Quelldateien</Filter>
    </ClCompile>
    <ClCompile Include="message.cpp">
      <Filter>Quelldateien</Filter>
    </ClCompile>
    <ClCompile Include="packetset.cpp">
      <Filter>Quelldateien</Filter>
    </ClCompile>
    <ClCompile Include="contact_stats.cpp">
      <Filter>Quelldateien</Filter>
    </ClCompile>
    <ClCompile Include="socket_interface.cpp">
      <Filter>Quelldateien</Filter>
    </ClCompile>
    <ClCompile Include="shared_memory_buffer.cpp">
      <Filter>Quelldateien</Filter>
    </ClCompile>
    <ClCompile Include="lossy_pipe.cpp">
      <Filter>Quelldateien</Filter>
    </ClCompile>
  </ItemGroup>
  <ItemGroup>
    <ClInclude Include="address_factory.h">
      <Filter>Headerdateien</Filter>
    </ClInclude>
    <ClInclude Include="contact.h">
      <Filter>Headerdateien</Filter>
    </ClInclude>
    <ClInclude Include="crypto.h">
      <Filter>Headerdateien</Filter>
    </ClInclude>
    <ClInclude Include="ecdh.h">
      <Filter>Headerdateien</Filter>
    </ClInclude>
    <ClInclude Include="group.h">
      <Filter>Headerdateien</Filter>
    </ClInclude>
    <ClInclude Include="identity.h">
      <Filter>Headerdateien</Filter>
    </ClInclude>
    <ClInclude Include="mutex.h">
      <Filter>Headerdateien</Filter>
    </ClInclude>
    <ClInclude Include="network.h">
      <Filter>Headerdateien</Filter>
    </ClInclude>
    <ClInclude Include="thread.h">
      <Filter>Headerdateien</Filter>
    </ClInclude>
    <ClInclude Include="util.h">
      <Filter>Headerdateien</Filter>
    </ClInclude>
    <ClInclude Include="server.h">
      <Filter>Headerdateien</Filter>
    </ClInclude>
    <ClInclude Include="client.h">
      <Filter>Headerdateien</Filter>
    </ClInclude>
    <ClInclude Include="message.h">
      <Filter>Headerdateien</Filter>
    </ClInclude>
    <ClInclude Include="packetset.h">
      <Filter>Headerdateien</Filter>
    </ClInclude>
    <ClInclude Include="clusterfq.h">
      <Filter>Headerdateien</Filter>
    </ClInclude>
    <ClInclude Include="contact_stats.h">
      <Filter>Headerdateien</Filter>
    </ClInclude>
    <ClInclude Include="socket_interface.h">
      <Filter>Headerdateien</Filter>
    </ClInclude>
    <ClInclude Include="shared_memory_buffer.h">
      <Filter>Headerdateien</Filter>
    </ClInclude>
    <ClInclude Include="lossy_pipe.h">
      <Filter>Headerdateien</Filter>
    </ClInclude>
  </ItemGroup>
</Project>